
Microsoft Visual Studio Solution File, Format Version 12.00
# Visual Studio Version 16
VisualStudioVersion = 16.0.31729.503
MinimumVisualStudioVersion = 10.0.40219.1
Project("{9A19103F-16F7-4668-BE54-9A1E7A4F7556}") = "RateLimitingMiddleware", "RateLimitingMiddleware\RateLimitingMiddleware.csproj", "{3669DC36-6CEB-4B77-9F7A-11B3E81CD6A0}"
EndProject
Project("{FAE04EC0-301F-11D3-BF4B-00C04F79EFBC}") = "RateLimitingMiddlewareTest", "RateLimitingMiddlewareTest\RateLimitingMiddlewareTest.csproj", "{4ADC152F-5BF3-4F17-AA03-DF6D40CC4D52}"
EndProject
Global
	GlobalSection(SolutionConfigurationPlatforms) = preSolution
		Debug|Any CPU = Debug|Any CPU
		Release|Any CPU = Release|Any CPU
	EndGlobalSection
	GlobalSection(ProjectConfigurationPlatforms) = postSolution
		{3669DC36-6CEB-4B77-9F7A-11B3E81CD6A0}.Debug|Any CPU.ActiveCfg = Debug|Any CPU
		{3669DC36-6CEB-4B77-9F7A-11B3E81CD6A0}.Debug|Any CPU.Build.0 = Debug|Any CPU
		{3669DC36-6CEB-4B77-9F7A-11B3E81CD6A0}.Release|Any CPU.ActiveCfg = Release|Any CPU
		{3669DC36-6CEB-4B77-9F7A-11B3E81CD6A0}.Release|Any CPU.Build.0 = Release|Any CPU
		{4ADC152F-5BF3-4F17-AA03-DF6D40CC4D52}.Debug|Any CPU.ActiveCfg = Debug|Any CPU
		{4ADC152F-5BF3-4F17-AA03-DF6D40CC4D52}.Debug|Any CPU.Build.0 = Debug|Any CPU
		{4ADC152F-5BF3-4F17-AA03-DF6D40CC4D52}.Release|Any CPU.ActiveCfg = Release|Any CPU
		{4ADC152F-5BF3-4F17-AA03-DF6D40CC4D52}.Release|Any CPU.Build.0 = Release|Any CPU
	EndGlobalSection
	GlobalSection(SolutionProperties) = preSolution
		HideSolutionNode = FALSE
	EndGlobalSection
	GlobalSection(ExtensibilityGlobals) = postSolution
		SolutionGuid = {20A8FDA5-AA48-4902-9D2B-13B933B50F94}
	EndGlobalSection
EndGlobal
